
Microsoft Visual Studio Solution File, Format Version 12.00
# Visual Studio Version 17
VisualStudioVersion = 17.4.33205.214
MinimumVisualStudioVersion = 10.0.40219.1
Project("{9A19103F-16F7-4668-BE54-9A1E7A4F7556}") = "SnackAttack", "SnackAttack\SnackAttack.csproj", "{C4C6150B-7B7D-48BB-9EAE-BF0EC6235E1D}"
EndProject
Global
	GlobalSection(SolutionConfigurationPlatforms) = preSolution
		Debug|Any CPU = Debug|Any CPU
		Release|Any CPU = Release|Any CPU
	EndGlobalSection
	GlobalSection(ProjectConfigurationPlatforms) = postSolution
		{C4C6150B-7B7D-48BB-9EAE-BF0EC6235E1D}.Debug|Any CPU.ActiveCfg = Debug|Any CPU
		{C4C6150B-7B7D-48BB-9EAE-BF0EC6235E1D}.Debug|Any CPU.Build.0 = Debug|Any CPU
		{C4C6150B-7B7D-48BB-9EAE-BF0EC6235E1D}.Release|Any CPU.ActiveCfg = Release|Any CPU
		{C4C6150B-7B7D-48BB-9EAE-BF0EC6235E1D}.Release|Any CPU.Build.0 = Release|Any CPU
	EndGlobalSection
	GlobalSection(SolutionProperties) = preSolution
		HideSolutionNode = FALSE
	EndGlobalSection
	GlobalSection(ExtensibilityGlobals) = postSolution
		SolutionGuid = {3B549C58-EEF5-4D44-8532-94055FD0A8DE}
	EndGlobalSection
EndGlobal
